<?xml version="1.0" encoding="utf-8"?>
<Project ToolsVersion="4.0" xmlns="http://schemas.microsoft.com/developer/msbuild/2003">
  <ItemGroup>
    <Filter Include="Source Files">
      <UniqueIdentifier>{766cf1e4-e7bd-47f1-a3f3-60fb13d50492}</UniqueIdentifier>
      <Extensions>cpp;c;cxx;rc;def;r;odl;idl;hpj;bat</Extensions>
    </Filter>
    <Filter Include="Header Files">
      <UniqueIdentifier>{6e8e9023-ec07-44f5-bdf2-0879a5814705}</UniqueIdentifier>
      <Extensions>h;hpp;hxx;hm;inl</Extensions>
    </Filter>
    <Filter Include="Resources">
      <UniqueIdentifier>{6ead4883-efe3-4aff-b27f-e9a06a3cbb1f}</UniqueIdentifier>
      <Extensions>ico;cur;bmp;dlg;rc2;rct;bin;rgs;gif;jpg;jpeg;jpe</Extensions>
    </Filter>
    <Filter Include="Tests">
      <UniqueIdentifier>{55d46bb2-5f62-48c1-88e0-f1d1863f31a8}</UniqueIdentifier>
    </Filter>
  </ItemGroup>
  <ItemGroup>
    <ClCompile Include="StdAfx.cpp">
      <Filter>Source Files</Filter>
    </ClCompile>
    <ClCompile Include="TreeList.cpp">
      <Filter>Source Files</Filter>
    </ClCompile>
    <ClCompile Include="TreeListCtrl.cpp">
      <Filter>Source Files</Filter>
    </ClCompile>
    <ClCompile Include="TreeListDlg.cpp">
      <Filter>Source Files</Filter>
    </ClCompile>
    <ClCompile Include="TreeListDll.cpp">
      <Filter>Source Files</Filter>
    </ClCompile>
    <ClCompile Include="TreeListWnd.cpp">
      <Filter>Source Files</Filter>
    </ClCompile>
  </ItemGroup>
  <ItemGroup>
    <None Include="TreeListA.def">
      <Filter>Source Files</Filter>
    </None>
  </ItemGroup>
  <ItemGroup>
    <ClInclude Include="Resource.h">
      <Filter>Header Files</Filter>
    </ClInclude>
    <ClInclude Include="StdAfx.h">
      <Filter>Header Files</Filter>
    </ClInclude>
    <ClInclude Include="TreeList.h">
      <Filter>Header Files</Filter>
    </ClInclude>
    <ClInclude Include="TreeListCtrl.h">
      <Filter>Header Files</Filter>
    </ClInclude>
    <ClInclude Include="TreeListDlg.h">
      <Filter>Header Files</Filter>
    </ClInclude>
    <ClInclude Include="TreeListWnd.h">
      <Filter>Header Files</Filter>
    </ClInclude>
  </ItemGroup>
  <ItemGroup>
    <Image Include="res\checks.bmp">
      <Filter>Resources</Filter>
    </Image>
    <Image Include="res\flags.bmp">
      <Filter>Resources</Filter>
    </Image>
    <Image Include="res\TreeList.ico">
      <Filter>Resources</Filter>
    </Image>
  </ItemGroup>
  <ItemGroup>
    <ResourceCompile Include="TreeList.rc">
      <Filter>Resources</Filter>
    </ResourceCompile>
    <ResourceCompile Include="TreeListDll.rc">
      <Filter>Resources</Filter>
    </ResourceCompile>
  </ItemGroup>
  <ItemGroup>
    <CustomBuild Include="TreeList.def">
      <Filter>Source Files</Filter>
    </CustomBuild>
    <CustomBuild Include="res\TreeList.rc2">
      <Filter>Resources</Filter>
    </CustomBuild>
  </ItemGroup>
</Project>